
Microsoft Visual Studio Solution File, Format Version 12.00
# Visual Studio 15
VisualStudioVersion = 15.0.27703.2042
MinimumVisualStudioVersion = 10.0.40219.1
Project("{FAE04EC0-301F-11D3-BF4B-00C04F79EFBC}") = "WildCardExercice.net", "WildCardExercice.net\WildCardExercice.net.csproj", "{5F4ADBD6-3A22-4F8C-AA5B-6A895CFB773F}"
EndProject
Global
	GlobalSection(SolutionConfigurationPlatforms) = preSolution
		Debug|Any CPU = Debug|Any CPU
		Release|Any CPU = Release|Any CPU
	EndGlobalSection
	GlobalSection(ProjectConfigurationPlatforms) = postSolution
		{5F4ADBD6-3A22-4F8C-AA5B-6A895CFB773F}.Debug|Any CPU.ActiveCfg = Debug|Any CPU
		{5F4ADBD6-3A22-4F8C-AA5B-6A895CFB773F}.Debug|Any CPU.Build.0 = Debug|Any CPU
		{5F4ADBD6-3A22-4F8C-AA5B-6A895CFB773F}.Release|Any CPU.ActiveCfg = Release|Any CPU
		{5F4ADBD6-3A22-4F8C-AA5B-6A895CFB773F}.Release|Any CPU.Build.0 = Release|Any CPU
	EndGlobalSection
	GlobalSection(SolutionProperties) = preSolution
		HideSolutionNode = FALSE
	EndGlobalSection
	GlobalSection(ExtensibilityGlobals) = postSolution
		SolutionGuid = {DC67F689-B18A-4741-85A0-272528DDABB6}
	EndGlobalSection
EndGlobal
